
Microsoft Visual Studio Solution File, Format Version 12.00
# Visual Studio Version 17
VisualStudioVersion = 17.3.32929.385
MinimumVisualStudioVersion = 10.0.40219.1
Project("{FAE04EC0-301F-11D3-BF4B-00C04F79EFBC}") = "NewTalents", "teste\NewTalents.csproj", "{946CD7E1-CC55-4899-967E-2F495633FFC9}"
EndProject
Project("{FAE04EC0-301F-11D3-BF4B-00C04F79EFBC}") = "TestProject1", "TestProject1\TestProject1.csproj", "{EB5883BA-6050-48CB-9171-40094DB77D2B}"
EndProject
Global
	GlobalSection(SolutionConfigurationPlatforms) = preSolution
		Debug|Any CPU = Debug|Any CPU
		Release|Any CPU = Release|Any CPU
	EndGlobalSection
	GlobalSection(ProjectConfigurationPlatforms) = postSolution
		{946CD7E1-CC55-4899-967E-2F495633FFC9}.Debug|Any CPU.ActiveCfg = Debug|Any CPU
		{946CD7E1-CC55-4899-967E-2F495633FFC9}.Debug|Any CPU.Build.0 = Debug|Any CPU
		{946CD7E1-CC55-4899-967E-2F495633FFC9}.Release|Any CPU.ActiveCfg = Release|Any CPU
		{946CD7E1-CC55-4899-967E-2F495633FFC9}.Release|Any CPU.Build.0 = Release|Any CPU
		{EB5883BA-6050-48CB-9171-40094DB77D2B}.Debug|Any CPU.ActiveCfg = Debug|Any CPU
		{EB5883BA-6050-48CB-9171-40094DB77D2B}.Debug|Any CPU.Build.0 = Debug|Any CPU
		{EB5883BA-6050-48CB-9171-40094DB77D2B}.Release|Any CPU.ActiveCfg = Release|Any CPU
		{EB5883BA-6050-48CB-9171-40094DB77D2B}.Release|Any CPU.Build.0 = Release|Any CPU
	EndGlobalSection
	GlobalSection(SolutionProperties) = preSolution
		HideSolutionNode = FALSE
	EndGlobalSection
	GlobalSection(ExtensibilityGlobals) = postSolution
		SolutionGuid = {FB6A7238-74DF-4F96-987E-8D0B8EDA59EB}
	EndGlobalSection
EndGlobal
